
Microsoft Visual Studio Solution File, Format Version 12.00
# Visual Studio Version 17
VisualStudioVersion = 17.6.33829.357
MinimumVisualStudioVersion = 10.0.40219.1
Project("{9A19103F-16F7-4668-BE54-9A1E7A4F7556}") = "MyFirstWebApiSite", "MyFirstWebApiSite\MyFirstWebApiSite.csproj", "{1BF2115F-A052-414E-8BCC-658B34D0618C}"
EndProject
Project("{9A19103F-16F7-4668-BE54-9A1E7A4F7556}") = "Repository", "Repository\Repository.csproj", "{31E0B1D3-943C-44D0-B10D-C9955A83F9AB}"
EndProject
Project("{9A19103F-16F7-4668-BE54-9A1E7A4F7556}") = "Entities", "Entities\Entities.csproj", "{DF46A832-6814-4EF5-B46E-FF4CD8893DD6}"
EndProject
Project("{9A19103F-16F7-4668-BE54-9A1E7A4F7556}") = "Service", "Service\Service.csproj", "{C64A1912-5549-4C26-BD59-0A9FF1CD2EF8}"
EndProject
Project("{9A19103F-16F7-4668-BE54-9A1E7A4F7556}") = "DTO", "M:\WEB API\MyFirstWebApiSite\DTO\DTO.csproj", "{997E76A6-1E01-49E6-92A9-81F11ADF3B71}"
EndProject
Global
	GlobalSection(SolutionConfigurationPlatforms) = preSolution
		Debug|Any CPU = Debug|Any CPU
		Release|Any CPU = Release|Any CPU
	EndGlobalSection
	GlobalSection(ProjectConfigurationPlatforms) = postSolution
		{1BF2115F-A052-414E-8BCC-658B34D0618C}.Debug|Any CPU.ActiveCfg = Debug|Any CPU
		{1BF2115F-A052-414E-8BCC-658B34D0618C}.Debug|Any CPU.Build.0 = Debug|Any CPU
		{1BF2115F-A052-414E-8BCC-658B34D0618C}.Release|Any CPU.ActiveCfg = Release|Any CPU
		{1BF2115F-A052-414E-8BCC-658B34D0618C}.Release|Any CPU.Build.0 = Release|Any CPU
		{31E0B1D3-943C-44D0-B10D-C9955A83F9AB}.Debug|Any CPU.ActiveCfg = Debug|Any CPU
		{31E0B1D3-943C-44D0-B10D-C9955A83F9AB}.Debug|Any CPU.Build.0 = Debug|Any CPU
		{31E0B1D3-943C-44D0-B10D-C9955A83F9AB}.Release|Any CPU.ActiveCfg = Release|Any CPU
		{31E0B1D3-943C-44D0-B10D-C9955A83F9AB}.Release|Any CPU.Build.0 = Release|Any CPU
		{DF46A832-6814-4EF5-B46E-FF4CD8893DD6}.Debug|Any CPU.ActiveCfg = Debug|Any CPU
		{DF46A832-6814-4EF5-B46E-FF4CD8893DD6}.Debug|Any CPU.Build.0 = Debug|Any CPU
		{DF46A832-6814-4EF5-B46E-FF4CD8893DD6}.Release|Any CPU.ActiveCfg = Release|Any CPU
		{DF46A832-6814-4EF5-B46E-FF4CD8893DD6}.Release|Any CPU.Build.0 = Release|Any CPU
		{C64A1912-5549-4C26-BD59-0A9FF1CD2EF8}.Debug|Any CPU.ActiveCfg = Debug|Any CPU
		{C64A1912-5549-4C26-BD59-0A9FF1CD2EF8}.Debug|Any CPU.Build.0 = Debug|Any CPU
		{C64A1912-5549-4C26-BD59-0A9FF1CD2EF8}.Release|Any CPU.ActiveCfg = Release|Any CPU
		{C64A1912-5549-4C26-BD59-0A9FF1CD2EF8}.Release|Any CPU.Build.0 = Release|Any CPU
		{997E76A6-1E01-49E6-92A9-81F11ADF3B71}.Debug|Any CPU.ActiveCfg = Debug|Any CPU
		{997E76A6-1E01-49E6-92A9-81F11ADF3B71}.Debug|Any CPU.Build.0 = Debug|Any CPU
		{997E76A6-1E01-49E6-92A9-81F11ADF3B71}.Release|Any CPU.ActiveCfg = Release|Any CPU
		{997E76A6-1E01-49E6-92A9-81F11ADF3B71}.Release|Any CPU.Build.0 = Release|Any CPU
	EndGlobalSection
	GlobalSection(SolutionProperties) = preSolution
		HideSolutionNode = FALSE
	EndGlobalSection
	GlobalSection(ExtensibilityGlobals) = postSolution
		SolutionGuid = {F1BB2FB2-FC25-4434-A859-7AE974765F3B}
	EndGlobalSection
EndGlobal
